
Microsoft Visual Studio Solution File, Format Version 12.00
# Visual Studio 15
VisualStudioVersion = 15.0.28307.705
MinimumVisualStudioVersion = 10.0.40219.1
Project("{FAE04EC0-301F-11D3-BF4B-00C04F79EFBC}") = "demoCamera.Android", "demoCamera\demoCamera.Android\demoCamera.Android.csproj", "{ED554D15-AD63-4349-8C83-FD67A91A0C56}"
EndProject
Project("{FAE04EC0-301F-11D3-BF4B-00C04F79EFBC}") = "demoCamera.iOS", "demoCamera\demoCamera.iOS\demoCamera.iOS.csproj", "{A5B04008-9D1E-4DFB-8F13-7BCBD058AB7C}"
EndProject
Project("{FAE04EC0-301F-11D3-BF4B-00C04F79EFBC}") = "demoCamera", "demoCamera\demoCamera\demoCamera.csproj", "{E5A11A8B-BF82-402D-AB83-9D41DBBD936A}"
EndProject
Global
	GlobalSection(SolutionConfigurationPlatforms) = preSolution
		Ad-Hoc|Any CPU = Ad-Hoc|Any CPU
		Ad-Hoc|iPhone = Ad-Hoc|iPhone
		Ad-Hoc|iPhoneSimulator = Ad-Hoc|iPhoneSimulator
		AppStore|Any CPU = AppStore|Any CPU
		AppStore|iPhone = AppStore|iPhone
		AppStore|iPhoneSimulator = AppStore|iPhoneSimulator
		Debug|Any CPU = Debug|Any CPU
		Debug|iPhone = Debug|iPhone
		Debug|iPhoneSimulator = Debug|iPhoneSimulator
		Release|Any CPU = Release|Any CPU
		Release|iPhone = Release|iPhone
		Release|iPhoneSimulator = Release|iPhoneSimulator
	EndGlobalSection
	GlobalSection(ProjectConfigurationPlatforms) = postSolution
		{ED554D15-AD63-4349-8C83-FD67A91A0C56}.Ad-Hoc|Any CPU.ActiveCfg = Release|Any CPU
		{ED554D15-AD63-4349-8C83-FD67A91A0C56}.Ad-Hoc|Any CPU.Build.0 = Release|Any CPU
		{ED554D15-AD63-4349-8C83-FD67A91A0C56}.Ad-Hoc|Any CPU.Deploy.0 = Release|Any CPU
		{ED554D15-AD63-4349-8C83-FD67A91A0C56}.Ad-Hoc|iPhone.ActiveCfg = Release|Any CPU
		{ED554D15-AD63-4349-8C83-FD67A91A0C56}.Ad-Hoc|iPhone.Build.0 = Release|Any CPU
		{ED554D15-AD63-4349-8C83-FD67A91A0C56}.Ad-Hoc|iPhone.Deploy.0 = Release|Any CPU
		{ED554D15-AD63-4349-8C83-FD67A91A0C56}.Ad-Hoc|iPhoneSimulator.ActiveCfg = Release|Any CPU
		{ED554D15-AD63-4349-8C83-FD67A91A0C56}.Ad-Hoc|iPhoneSimulator.Build.0 = Release|Any CPU
		{ED554D15-AD63-4349-8C83-FD67A91A0C56}.Ad-Hoc|iPhoneSimulator.Deploy.0 = Release|Any CPU
		{ED554D15-AD63-4349-8C83-FD67A91A0C56}.AppStore|Any CPU.ActiveCfg = Release|Any CPU
		{ED554D15-AD63-4349-8C83-FD67A91A0C56}.AppStore|Any CPU.Build.0 = Release|Any CPU
		{ED554D15-AD63-4349-8C83-FD67A91A0C56}.AppStore|Any CPU.Deploy.0 = Release|Any CPU
		{ED554D15-AD63-4349-8C83-FD67A91A0C56}.AppStore|iPhone.ActiveCfg = Release|Any CPU
		{ED554D15-AD63-4349-8C83-FD67A91A0C56}.AppStore|iPhone.Build.0 = Release|Any CPU
		{ED554D15-AD63-4349-8C83-FD67A91A0C56}.AppStore|iPhone.Deploy.0 = Release|Any CPU
		{ED554D15-AD63-4349-8C83-FD67A91A0C56}.AppStore|iPhoneSimulator.ActiveCfg = Release|Any CPU
		{ED554D15-AD63-4349-8C83-FD67A91A0C56}.AppStore|iPhoneSimulator.Build.0 = Release|Any CPU
		{ED554D15-AD63-4349-8C83-FD67A91A0C56}.AppStore|iPhoneSimulator.Deploy.0 = Release|Any CPU
		{ED554D15-AD63-4349-8C83-FD67A91A0C56}.Debug|Any CPU.ActiveCfg = Debug|Any CPU
		{ED554D15-AD63-4349-8C83-FD67A91A0C56}.Debug|Any CPU.Build.0 = Debug|Any CPU
		{ED554D15-AD63-4349-8C83-FD67A91A0C56}.Debug|Any CPU.Deploy.0 = Debug|Any CPU
		{ED554D15-AD63-4349-8C83-FD67A91A0C56}.Debug|iPhone.ActiveCfg = Debug|Any CPU
		{ED554D15-AD63-4349-8C83-FD67A91A0C56}.Debug|iPhone.Build.0 = Debug|Any CPU
		{ED554D15-AD63-4349-8C83-FD67A91A0C56}.Debug|iPhone.Deploy.0 = Debug|Any CPU
		{ED554D15-AD63-4349-8C83-FD67A91A0C56}.Debug|iPhoneSimulator.ActiveCfg = Debug|Any CPU
		{ED554D15-AD63-4349-8C83-FD67A91A0C56}.Debug|iPhoneSimulator.Build.0 = Debug|Any CPU
		{ED554D15-AD63-4349-8C83-FD67A91A0C56}.Debug|iPhoneSimulator.Deploy.0 = Debug|Any CPU
		{ED554D15-AD63-4349-8C83-FD67A91A0C56}.Release|Any CPU.ActiveCfg = Release|Any CPU
		{ED554D15-AD63-4349-8C83-FD67A91A0C56}.Release|Any CPU.Build.0 = Release|Any CPU
		{ED554D15-AD63-4349-8C83-FD67A91A0C56}.Release|Any CPU.Deploy.0 = Release|Any CPU
		{ED554D15-AD63-4349-8C83-FD67A91A0C56}.Release|iPhone.ActiveCfg = Release|Any CPU
		{ED554D15-AD63-4349-8C83-FD67A91A0C56}.Release|iPhone.Build.0 = Release|Any CPU
		{ED554D15-AD63-4349-8C83-FD67A91A0C56}.Release|iPhone.Deploy.0 = Release|Any CPU
		{ED554D15-AD63-4349-8C83-FD67A91A0C56}.Release|iPhoneSimulator.ActiveCfg = Release|Any CPU
		{ED554D15-AD63-4349-8C83-FD67A91A0C56}.Release|iPhoneSimulator.Build.0 = Release|Any CPU
		{ED554D15-AD63-4349-8C83-FD67A91A0C56}.Release|iPhoneSimulator.Deploy.0 = Release|Any CPU
		{A5B04008-9D1E-4DFB-8F13-7BCBD058AB7C}.Ad-Hoc|Any CPU.ActiveCfg = Ad-Hoc|iPhone
		{A5B04008-9D1E-4DFB-8F13-7BCBD058AB7C}.Ad-Hoc|Any CPU.Build.0 = Ad-Hoc|iPhone
		{A5B04008-9D1E-4DFB-8F13-7BCBD058AB7C}.Ad-Hoc|Any CPU.Deploy.0 = Ad-Hoc|iPhone
		{A5B04008-9D1E-4DFB-8F13-7BCBD058AB7C}.Ad-Hoc|iPhone.ActiveCfg = Ad-Hoc|iPhone
		{A5B04008-9D1E-4DFB-8F13-7BCBD058AB7C}.Ad-Hoc|iPhone.Build.0 = Ad-Hoc|iPhone
		{A5B04008-9D1E-4DFB-8F13-7BCBD058AB7C}.Ad-Hoc|iPhone.Deploy.0 = Ad-Hoc|iPhone
		{A5B04008-9D1E-4DFB-8F13-7BCBD058AB7C}.Ad-Hoc|iPhoneSimulator.ActiveCfg = Ad-Hoc|iPhoneSimulator
		{A5B04008-9D1E-4DFB-8F13-7BCBD058AB7C}.Ad-Hoc|iPhoneSimulator.Build.0 = Ad-Hoc|iPhoneSimulator
		{A5B04008-9D1E-4DFB-8F13-7BCBD058AB7C}.Ad-Hoc|iPhoneSimulator.Deploy.0 = Ad-Hoc|iPhoneSimulator
		{A5B04008-9D1E-4DFB-8F13-7BCBD058AB7C}.AppStore|Any CPU.ActiveCfg = AppStore|iPhone
		{A5B04008-9D1E-4DFB-8F13-7BCBD058AB7C}.AppStore|Any CPU.Build.0 = AppStore|iPhone
		{A5B04008-9D1E-4DFB-8F13-7BCBD058AB7C}.AppStore|Any CPU.Deploy.0 = AppStore|iPhone
		{A5B04008-9D1E-4DFB-8F13-7BCBD058AB7C}.AppStore|iPhone.ActiveCfg = AppStore|iPhone
		{A5B04008-9D1E-4DFB-8F13-7BCBD058AB7C}.AppStore|iPhone.Build.0 = AppStore|iPhone
		{A5B04008-9D1E-4DFB-8F13-7BCBD058AB7C}.AppStore|iPhone.Deploy.0 = AppStore|iPhone
		{A5B04008-9D1E-4DFB-8F13-7BCBD058AB7C}.AppStore|iPhoneSimulator.ActiveCfg = AppStore|iPhoneSimulator
		{A5B04008-9D1E-4DFB-8F13-7BCBD058AB7C}.AppStore|iPhoneSimulator.Build.0 = AppStore|iPhoneSimulator
		{A5B04008-9D1E-4DFB-8F13-7BCBD058AB7C}.AppStore|iPhoneSimulator.Deploy.0 = AppStore|iPhoneSimulator
		{A5B04008-9D1E-4DFB-8F13-7BCBD058AB7C}.Debug|Any CPU.ActiveCfg = Debug|iPhoneSimulator
		{A5B04008-9D1E-4DFB-8F13-7BCBD058AB7C}.Debug|Any CPU.Build.0 = Debug|iPhoneSimulator
		{A5B04008-9D1E-4DFB-8F13-7BCBD058AB7C}.Debug|Any CPU.Deploy.0 = Debug|iPhoneSimulator
		{A5B04008-9D1E-4DFB-8F13-7BCBD058AB7C}.Debug|iPhone.ActiveCfg = Debug|iPhone
		{A5B04008-9D1E-4DFB-8F13-7BCBD058AB7C}.Debug|iPhone.Build.0 = Debug|iPhone
		{A5B04008-9D1E-4DFB-8F13-7BCBD058AB7C}.Debug|iPhone.Deploy.0 = Debug|iPhone
		{A5B04008-9D1E-4DFB-8F13-7BCBD058AB7C}.Debug|iPhoneSimulator.ActiveCfg = Debug|iPhoneSimulator
		{A5B04008-9D1E-4DFB-8F13-7BCBD058AB7C}.Debug|iPhoneSimulator.Build.0 = Debug|iPhoneSimulator
		{A5B04008-9D1E-4DFB-8F13-7BCBD058AB7C}.Debug|iPhoneSimulator.Deploy.0 = Debug|iPhoneSimulator
		{A5B04008-9D1E-4DFB-8F13-7BCBD058AB7C}.Release|Any CPU.ActiveCfg = Release|iPhone
		{A5B04008-9D1E-4DFB-8F13-7BCBD058AB7C}.Release|Any CPU.Build.0 = Release|iPhone
		{A5B04008-9D1E-4DFB-8F13-7BCBD058AB7C}.Release|Any CPU.Deploy.0 = Release|iPhone
		{A5B04008-9D1E-4DFB-8F13-7BCBD058AB7C}.Release|iPhone.ActiveCfg = Release|iPhone
		{A5B04008-9D1E-4DFB-8F13-7BCBD058AB7C}.Release|iPhone.Build.0 = Release|iPhone
		{A5B04008-9D1E-4DFB-8F13-7BCBD058AB7C}.Release|iPhone.Deploy.0 = Release|iPhone
		{A5B04008-9D1E-4DFB-8F13-7BCBD058AB7C}.Release|iPhoneSimulator.ActiveCfg = Release|iPhoneSimulator
		{A5B04008-9D1E-4DFB-8F13-7BCBD058AB7C}.Release|iPhoneSimulator.Build.0 = Release|iPhoneSimulator
		{A5B04008-9D1E-4DFB-8F13-7BCBD058AB7C}.Release|iPhoneSimulator.Deploy.0 = Release|iPhoneSimulator
		{E5A11A8B-BF82-402D-AB83-9D41DBBD936A}.Ad-Hoc|Any CPU.ActiveCfg = Debug|Any CPU
		{E5A11A8B-BF82-402D-AB83-9D41DBBD936A}.Ad-Hoc|Any CPU.Build.0 = Debug|Any CPU
		{E5A11A8B-BF82-402D-AB83-9D41DBBD936A}.Ad-Hoc|Any CPU.Deploy.0 = Debug|Any CPU
		{E5A11A8B-BF82-402D-AB83-9D41DBBD936A}.Ad-Hoc|iPhone.ActiveCfg = Debug|Any CPU
		{E5A11A8B-BF82-402D-AB83-9D41DBBD936A}.Ad-Hoc|iPhone.Build.0 = Debug|Any CPU
		{E5A11A8B-BF82-402D-AB83-9D41DBBD936A}.Ad-Hoc|iPhone.Deploy.0 = Debug|Any CPU
		{E5A11A8B-BF82-402D-AB83-9D41DBBD936A}.Ad-Hoc|iPhoneSimulator.ActiveCfg = Debug|Any CPU
		{E5A11A8B-BF82-402D-AB83-9D41DBBD936A}.Ad-Hoc|iPhoneSimulator.Build.0 = Debug|Any CPU
		{E5A11A8B-BF82-402D-AB83-9D41DBBD936A}.Ad-Hoc|iPhoneSimulator.Deploy.0 = Debug|Any CPU
		{E5A11A8B-BF82-402D-AB83-9D41DBBD936A}.AppStore|Any CPU.ActiveCfg = Debug|Any CPU
		{E5A11A8B-BF82-402D-AB83-9D41DBBD936A}.AppStore|Any CPU.Build.0 = Debug|Any CPU
		{E5A11A8B-BF82-402D-AB83-9D41DBBD936A}.AppStore|Any CPU.Deploy.0 = Debug|Any CPU
		{E5A11A8B-BF82-402D-AB83-9D41DBBD936A}.AppStore|iPhone.ActiveCfg = Debug|Any CPU
		{E5A11A8B-BF82-402D-AB83-9D41DBBD936A}.AppStore|iPhone.Build.0 = Debug|Any CPU
		{E5A11A8B-BF82-402D-AB83-9D41DBBD936A}.AppStore|iPhone.Deploy.0 = Debug|Any CPU
		{E5A11A8B-BF82-402D-AB83-9D41DBBD936A}.AppStore|iPhoneSimulator.ActiveCfg = Debug|Any CPU
		{E5A11A8B-BF82-402D-AB83-9D41DBBD936A}.AppStore|iPhoneSimulator.Build.0 = Debug|Any CPU
		{E5A11A8B-BF82-402D-AB83-9D41DBBD936A}.AppStore|iPhoneSimulator.Deploy.0 = Debug|Any CPU
		{E5A11A8B-BF82-402D-AB83-9D41DBBD936A}.Debug|Any CPU.ActiveCfg = Debug|Any CPU
		{E5A11A8B-BF82-402D-AB83-9D41DBBD936A}.Debug|Any CPU.Build.0 = Debug|Any CPU
		{E5A11A8B-BF82-402D-AB83-9D41DBBD936A}.Debug|Any CPU.Deploy.0 = Debug|Any CPU
		{E5A11A8B-BF82-402D-AB83-9D41DBBD936A}.Debug|iPhone.ActiveCfg = Debug|Any CPU
		{E5A11A8B-BF82-402D-AB83-9D41DBBD936A}.Debug|iPhone.Build.0 = Debug|Any CPU
		{E5A11A8B-BF82-402D-AB83-9D41DBBD936A}.Debug|iPhone.Deploy.0 = Debug|Any CPU
		{E5A11A8B-BF82-402D-AB83-9D41DBBD936A}.Debug|iPhoneSimulator.ActiveCfg = Debug|Any CPU
		{E5A11A8B-BF82-402D-AB83-9D41DBBD936A}.Debug|iPhoneSimulator.Build.0 = Debug|Any CPU
		{E5A11A8B-BF82-402D-AB83-9D41DBBD936A}.Debug|iPhoneSimulator.Deploy.0 = Debug|Any CPU
		{E5A11A8B-BF82-402D-AB83-9D41DBBD936A}.Release|Any CPU.ActiveCfg = Release|Any CPU
		{E5A11A8B-BF82-402D-AB83-9D41DBBD936A}.Release|Any CPU.Build.0 = Release|Any CPU
		{E5A11A8B-BF82-402D-AB83-9D41DBBD936A}.Release|Any CPU.Deploy.0 = Release|Any CPU
		{E5A11A8B-BF82-402D-AB83-9D41DBBD936A}.Release|iPhone.ActiveCfg = Release|Any CPU
		{E5A11A8B-BF82-402D-AB83-9D41DBBD936A}.Release|iPhone.Build.0 = Release|Any CPU
		{E5A11A8B-BF82-402D-AB83-9D41DBBD936A}.Release|iPhone.Deploy.0 = Release|Any CPU
		{E5A11A8B-BF82-402D-AB83-9D41DBBD936A}.Release|iPhoneSimulator.ActiveCfg = Release|Any CPU
		{E5A11A8B-BF82-402D-AB83-9D41DBBD936A}.Release|iPhoneSimulator.Build.0 = Release|Any CPU
		{E5A11A8B-BF82-402D-AB83-9D41DBBD936A}.Release|iPhoneSimulator.Deploy.0 = Release|Any CPU
	EndGlobalSection
	GlobalSection(SolutionProperties) = preSolution
		HideSolutionNode = FALSE
	EndGlobalSection
	GlobalSection(ExtensibilityGlobals) = postSolution
		SolutionGuid = {BED82881-BD66-4A3F-952E-BFF63E859F66}
	EndGlobalSection
EndGlobal
